
Microsoft Visual Studio Solution File, Format Version 12.00
# Visual Studio 2013
VisualStudioVersion = 12.0.40629.0
MinimumVisualStudioVersion = 10.0.40219.1
Project("{FAE04EC0-301F-11D3-BF4B-00C04F79EFBC}") = "pr11", "pr11\pr11.csproj", "{865C6B79-3C68-4583-B8E2-C04A8F502542}"
EndProject
Global
	GlobalSection(SolutionConfigurationPlatforms) = preSolution
		Debug|Any CPU = Debug|Any CPU
		Release|Any CPU = Release|Any CPU
	EndGlobalSection
	GlobalSection(ProjectConfigurationPlatforms) = postSolution
		{865C6B79-3C68-4583-B8E2-C04A8F502542}.Debug|Any CPU.ActiveCfg = Debug|Any CPU
		{865C6B79-3C68-4583-B8E2-C04A8F502542}.Debug|Any CPU.Build.0 = Debug|Any CPU
		{865C6B79-3C68-4583-B8E2-C04A8F502542}.Release|Any CPU.ActiveCfg = Release|Any CPU
		{865C6B79-3C68-4583-B8E2-C04A8F502542}.Release|Any CPU.Build.0 = Release|Any CPU
	EndGlobalSection
	GlobalSection(SolutionProperties) = preSolution
		HideSolutionNode = FALSE
	EndGlobalSection
EndGlobal
